
Microsoft Visual Studio Solution File, Format Version 12.00
# Visual Studio Version 17
VisualStudioVersion = 17.1.32210.238
MinimumVisualStudioVersion = 10.0.40219.1
Project("{FAE04EC0-301F-11D3-BF4B-00C04F79EFBC}") = "Quoitent_And_Remainder", "Quoitent_And_Remainder\Quoitent_And_Remainder.csproj", "{8747CCA4-7731-4DC2-B6D3-65A35215F0DE}"
EndProject
Global
	GlobalSection(SolutionConfigurationPlatforms) = preSolution
		Debug|Any CPU = Debug|Any CPU
		Release|Any CPU = Release|Any CPU
	EndGlobalSection
	GlobalSection(ProjectConfigurationPlatforms) = postSolution
		{8747CCA4-7731-4DC2-B6D3-65A35215F0DE}.Debug|Any CPU.ActiveCfg = Debug|Any CPU
		{8747CCA4-7731-4DC2-B6D3-65A35215F0DE}.Debug|Any CPU.Build.0 = Debug|Any CPU
		{8747CCA4-7731-4DC2-B6D3-65A35215F0DE}.Release|Any CPU.ActiveCfg = Release|Any CPU
		{8747CCA4-7731-4DC2-B6D3-65A35215F0DE}.Release|Any CPU.Build.0 = Release|Any CPU
	EndGlobalSection
	GlobalSection(SolutionProperties) = preSolution
		HideSolutionNode = FALSE
	EndGlobalSection
	GlobalSection(ExtensibilityGlobals) = postSolution
		SolutionGuid = {A132A8C2-49F5-4B0D-ABB2-CE532F68081B}
	EndGlobalSection
EndGlobal
